// !$*UTF8*$!
{
	archiveVersion = 1;
	classes = {
	};
	objectVersion = 56;
	objects = {

/* Begin PBXBuildFile section */
		CF598AEA2B32024D0005B4C2 /* main-quick-check.cpp in Sources */ = {isa = PBXBuildFile; fileRef = CF598AE92B32024D0005B4C2 /* main-quick-check.cpp */; };
		CF598B142B3202620005B4C2 /* BigSigned-bit.cpp in Sources */ = {isa = PBXBuildFile; fileRef = CF598AEB2B3202620005B4C2 /* BigSigned-bit.cpp */; };
		CF598B152B3202620005B4C2 /* BigSigned-shifts.cpp in Sources */ = {isa = PBXBuildFile; fileRef = CF598AED2B3202620005B4C2 /* BigSigned-shifts.cpp */; };
		CF598B162B3202620005B4C2 /* BigSigned-subtract.cpp in Sources */ = {isa = PBXBuildFile; fileRef = CF598AEE2B3202620005B4C2 /* BigSigned-subtract.cpp */; };
		CF598B172B3202620005B4C2 /* ChunkSharedArray.cpp in Sources */ = {isa = PBXBuildFile; fileRef = CF598AEF2B3202620005B4C2 /* ChunkSharedArray.cpp */; };
		CF598B182B3202620005B4C2 /* BigUnsigned-constructors.cpp in Sources */ = {isa = PBXBuildFile; fileRef = CF598AF02B3202620005B4C2 /* BigUnsigned-constructors.cpp */; };
		CF598B192B3202620005B4C2 /* BigUnsigned-utilities.cpp in Sources */ = {isa = PBXBuildFile; fileRef = CF598AF12B3202620005B4C2 /* BigUnsigned-utilities.cpp */; };
		CF598B1A2B3202620005B4C2 /* BigSigned-chunk-operations.cpp in Sources */ = {isa = PBXBuildFile; fileRef = CF598AF32B3202620005B4C2 /* BigSigned-chunk-operations.cpp */; };
		CF598B1B2B3202620005B4C2 /* BigUnsigned-subtract.cpp in Sources */ = {isa = PBXBuildFile; fileRef = CF598AF42B3202620005B4C2 /* BigUnsigned-subtract.cpp */; };
		CF598B1C2B3202620005B4C2 /* macroAssert.cpp in Sources */ = {isa = PBXBuildFile; fileRef = CF598AF52B3202620005B4C2 /* macroAssert.cpp */; };
		CF598B1D2B3202620005B4C2 /* BigUnsigned-shifts.cpp in Sources */ = {isa = PBXBuildFile; fileRef = CF598AF62B3202620005B4C2 /* BigUnsigned-shifts.cpp */; };
		CF598B1E2B3202620005B4C2 /* BigUnsigned-multiply.cpp in Sources */ = {isa = PBXBuildFile; fileRef = CF598AF72B3202620005B4C2 /* BigUnsigned-multiply.cpp */; };
		CF598B1F2B3202620005B4C2 /* BigSigned-print.cpp in Sources */ = {isa = PBXBuildFile; fileRef = CF598AF82B3202620005B4C2 /* BigSigned-print.cpp */; };
		CF598B202B3202620005B4C2 /* BigSigned.cpp in Sources */ = {isa = PBXBuildFile; fileRef = CF598AFB2B3202620005B4C2 /* BigSigned.cpp */; };
		CF598B212B3202620005B4C2 /* BigSigned-add.cpp in Sources */ = {isa = PBXBuildFile; fileRef = CF598AFC2B3202620005B4C2 /* BigSigned-add.cpp */; };
		CF598B222B3202620005B4C2 /* BigSigned-constructors.cpp in Sources */ = {isa = PBXBuildFile; fileRef = CF598AFD2B3202620005B4C2 /* BigSigned-constructors.cpp */; };
		CF598B232B3202620005B4C2 /* BigUnsigned-divide.cpp in Sources */ = {isa = PBXBuildFile; fileRef = CF598AFF2B3202620005B4C2 /* BigUnsigned-divide.cpp */; };
		CF598B242B3202620005B4C2 /* galgas-random.cpp in Sources */ = {isa = PBXBuildFile; fileRef = CF598B012B3202620005B4C2 /* galgas-random.cpp */; };
		CF598B252B3202620005B4C2 /* BigUnsigned-conversions.cpp in Sources */ = {isa = PBXBuildFile; fileRef = CF598B032B3202620005B4C2 /* BigUnsigned-conversions.cpp */; };
		CF598B262B3202620005B4C2 /* BigSigned-multiply.cpp in Sources */ = {isa = PBXBuildFile; fileRef = CF598B052B3202620005B4C2 /* BigSigned-multiply.cpp */; };
		CF598B272B3202620005B4C2 /* BigSigned-conversions.cpp in Sources */ = {isa = PBXBuildFile; fileRef = CF598B062B3202620005B4C2 /* BigSigned-conversions.cpp */; };
		CF598B282B3202620005B4C2 /* BigSigned-logic-operations.cpp in Sources */ = {isa = PBXBuildFile; fileRef = CF598B082B3202620005B4C2 /* BigSigned-logic-operations.cpp */; };
		CF598B292B3202620005B4C2 /* BigSigned-utilities.cpp in Sources */ = {isa = PBXBuildFile; fileRef = CF598B092B3202620005B4C2 /* BigSigned-utilities.cpp */; };
		CF598B2A2B3202620005B4C2 /* BigUnsigned-logic-operations.cpp in Sources */ = {isa = PBXBuildFile; fileRef = CF598B0A2B3202620005B4C2 /* BigUnsigned-logic-operations.cpp */; };
		CF598B2B2B3202620005B4C2 /* BigUnsigned-add.cpp in Sources */ = {isa = PBXBuildFile; fileRef = CF598B0B2B3202620005B4C2 /* BigUnsigned-add.cpp */; };
		CF598B2C2B3202620005B4C2 /* BigUnsigned-divide-naive.cpp in Sources */ = {isa = PBXBuildFile; fileRef = CF598B0F2B3202620005B4C2 /* BigUnsigned-divide-naive.cpp */; };
		CF598B2D2B3202620005B4C2 /* BigUnsigned-bit.cpp in Sources */ = {isa = PBXBuildFile; fileRef = CF598B102B3202620005B4C2 /* BigUnsigned-bit.cpp */; };
		CF598B2E2B3202620005B4C2 /* BigUnsigned-print.cpp in Sources */ = {isa = PBXBuildFile; fileRef = CF598B112B3202620005B4C2 /* BigUnsigned-print.cpp */; };
		CF598B2F2B3202620005B4C2 /* BigSigned-divide.cpp in Sources */ = {isa = PBXBuildFile; fileRef = CF598B122B3202620005B4C2 /* BigSigned-divide.cpp */; };
		CF598B302B3202620005B4C2 /* BigUnsigned-chunk-operations.cpp in Sources */ = {isa = PBXBuildFile; fileRef = CF598B132B3202620005B4C2 /* BigUnsigned-chunk-operations.cpp */; };
/* End PBXBuildFile section */

/* Begin PBXCopyFilesBuildPhase section */
		CF598ADD2B3202270005B4C2 /* CopyFiles */ = {
			isa = PBXCopyFilesBuildPhase;
			buildActionMask = 2147483647;
			dstPath = /usr/share/man/man1/;
			dstSubfolderSpec = 0;
			files = (
			);
			runOnlyForDeploymentPostprocessing = 1;
		};
/* End PBXCopyFilesBuildPhase section */

/* Begin PBXFileReference section */
		CF598ADF2B3202270005B4C2 /* xcode-quick-check */ = {isa = PBXFileReference; explicitFileType = "compiled.mach-o.executable"; includeInIndex = 0; path = "xcode-quick-check"; sourceTree = BUILT_PRODUCTS_DIR; };
		CF598AE92B32024D0005B4C2 /* main-quick-check.cpp */ = {isa = PBXFileReference; fileEncoding = 4; lastKnownFileType = sourcecode.cpp.cpp; name = "main-quick-check.cpp"; path = "../../main-quick-check.cpp"; sourceTree = "<group>"; };
		CF598AEB2B3202620005B4C2 /* BigSigned-bit.cpp */ = {isa = PBXFileReference; fileEncoding = 4; lastKnownFileType = sourcecode.cpp.cpp; name = "BigSigned-bit.cpp"; path = "../../sources/BigSigned-bit.cpp"; sourceTree = "<group>"; };
		CF598AEC2B3202620005B4C2 /* chunk-U64.h */ = {isa = PBXFileReference; fileEncoding = 4; lastKnownFileType = sourcecode.c.h; name = "chunk-U64.h"; path = "../../sources/chunk-U64.h"; sourceTree = "<group>"; };
		CF598AED2B3202620005B4C2 /* BigSigned-shifts.cpp */ = {isa = PBXFileReference; fileEncoding = 4; lastKnownFileType = sourcecode.cpp.cpp; name = "BigSigned-shifts.cpp"; path = "../../sources/BigSigned-shifts.cpp"; sourceTree = "<group>"; };
		CF598AEE2B3202620005B4C2 /* BigSigned-subtract.cpp */ = {isa = PBXFileReference; fileEncoding = 4; lastKnownFileType = sourcecode.cpp.cpp; name = "BigSigned-subtract.cpp"; path = "../../sources/BigSigned-subtract.cpp"; sourceTree = "<group>"; };
		CF598AEF2B3202620005B4C2 /* ChunkSharedArray.cpp */ = {isa = PBXFileReference; fileEncoding = 4; lastKnownFileType = sourcecode.cpp.cpp; name = ChunkSharedArray.cpp; path = ../../sources/ChunkSharedArray.cpp; sourceTree = "<group>"; };
		CF598AF02B3202620005B4C2 /* BigUnsigned-constructors.cpp */ = {isa = PBXFileReference; fileEncoding = 4; lastKnownFileType = sourcecode.cpp.cpp; name = "BigUnsigned-constructors.cpp"; path = "../../sources/BigUnsigned-constructors.cpp"; sourceTree = "<group>"; };
		CF598AF12B3202620005B4C2 /* BigUnsigned-utilities.cpp */ = {isa = PBXFileReference; fileEncoding = 4; lastKnownFileType = sourcecode.cpp.cpp; name = "BigUnsigned-utilities.cpp"; path = "../../sources/BigUnsigned-utilities.cpp"; sourceTree = "<group>"; };
		CF598AF22B3202620005B4C2 /* galgas-random.h */ = {isa = PBXFileReference; fileEncoding = 4; lastKnownFileType = sourcecode.c.h; name = "galgas-random.h"; path = "../../sources/galgas-random.h"; sourceTree = "<group>"; };
		CF598AF32B3202620005B4C2 /* BigSigned-chunk-operations.cpp */ = {isa = PBXFileReference; fileEncoding = 4; lastKnownFileType = sourcecode.cpp.cpp; name = "BigSigned-chunk-operations.cpp"; path = "../../sources/BigSigned-chunk-operations.cpp"; sourceTree = "<group>"; };
		CF598AF42B3202620005B4C2 /* BigUnsigned-subtract.cpp */ = {isa = PBXFileReference; fileEncoding = 4; lastKnownFileType = sourcecode.cpp.cpp; name = "BigUnsigned-subtract.cpp"; path = "../../sources/BigUnsigned-subtract.cpp"; sourceTree = "<group>"; };
		CF598AF52B3202620005B4C2 /* macroAssert.cpp */ = {isa = PBXFileReference; fileEncoding = 4; lastKnownFileType = sourcecode.cpp.cpp; name = macroAssert.cpp; path = ../../sources/macroAssert.cpp; sourceTree = "<group>"; };
		CF598AF62B3202620005B4C2 /* BigUnsigned-shifts.cpp */ = {isa = PBXFileReference; fileEncoding = 4; lastKnownFileType = sourcecode.cpp.cpp; name = "BigUnsigned-shifts.cpp"; path = "../../sources/BigUnsigned-shifts.cpp"; sourceTree = "<group>"; };
		CF598AF72B3202620005B4C2 /* BigUnsigned-multiply.cpp */ = {isa = PBXFileReference; fileEncoding = 4; lastKnownFileType = sourcecode.cpp.cpp; name = "BigUnsigned-multiply.cpp"; path = "../../sources/BigUnsigned-multiply.cpp"; sourceTree = "<group>"; };
		CF598AF82B3202620005B4C2 /* BigSigned-print.cpp */ = {isa = PBXFileReference; fileEncoding = 4; lastKnownFileType = sourcecode.cpp.cpp; name = "BigSigned-print.cpp"; path = "../../sources/BigSigned-print.cpp"; sourceTree = "<group>"; };
		CF598AF92B3202620005B4C2 /* macroAssert.h */ = {isa = PBXFileReference; fileEncoding = 4; lastKnownFileType = sourcecode.c.h; name = macroAssert.h; path = ../../sources/macroAssert.h; sourceTree = "<group>"; };
		CF598AFA2B3202620005B4C2 /* BigSigned.h */ = {isa = PBXFileReference; fileEncoding = 4; lastKnownFileType = sourcecode.c.h; name = BigSigned.h; path = ../../sources/BigSigned.h; sourceTree = "<group>"; };
		CF598AFB2B3202620005B4C2 /* BigSigned.cpp */ = {isa = PBXFileReference; fileEncoding = 4; lastKnownFileType = sourcecode.cpp.cpp; name = BigSigned.cpp; path = ../../sources/BigSigned.cpp; sourceTree = "<group>"; };
		CF598AFC2B3202620005B4C2 /* BigSigned-add.cpp */ = {isa = PBXFileReference; fileEncoding = 4; lastKnownFileType = sourcecode.cpp.cpp; name = "BigSigned-add.cpp"; path = "../../sources/BigSigned-add.cpp"; sourceTree = "<group>"; };
		CF598AFD2B3202620005B4C2 /* BigSigned-constructors.cpp */ = {isa = PBXFileReference; fileEncoding = 4; lastKnownFileType = sourcecode.cpp.cpp; name = "BigSigned-constructors.cpp"; path = "../../sources/BigSigned-constructors.cpp"; sourceTree = "<group>"; };
		CF598AFE2B3202620005B4C2 /* ChunkSharedArray.h */ = {isa = PBXFileReference; fileEncoding = 4; lastKnownFileType = sourcecode.c.h; name = ChunkSharedArray.h; path = ../../sources/ChunkSharedArray.h; sourceTree = "<group>"; };
		CF598AFF2B3202620005B4C2 /* BigUnsigned-divide.cpp */ = {isa = PBXFileReference; fileEncoding = 4; lastKnownFileType = sourcecode.cpp.cpp; name = "BigUnsigned-divide.cpp"; path = "../../sources/BigUnsigned-divide.cpp"; sourceTree = "<group>"; };
		CF598B002B3202620005B4C2 /* chunk-U8.h */ = {isa = PBXFileReference; fileEncoding = 4; lastKnownFileType = sourcecode.c.h; name = "chunk-U8.h"; path = "../../sources/chunk-U8.h"; sourceTree = "<group>"; };
		CF598B012B3202620005B4C2 /* galgas-random.cpp */ = {isa = PBXFileReference; fileEncoding = 4; lastKnownFileType = sourcecode.cpp.cpp; name = "galgas-random.cpp"; path = "../../sources/galgas-random.cpp"; sourceTree = "<group>"; };
		CF598B022B3202620005B4C2 /* chunk-U16.h */ = {isa = PBXFileReference; fileEncoding = 4; lastKnownFileType = sourcecode.c.h; name = "chunk-U16.h"; path = "../../sources/chunk-U16.h"; sourceTree = "<group>"; };
		CF598B032B3202620005B4C2 /* BigUnsigned-conversions.cpp */ = {isa = PBXFileReference; fileEncoding = 4; lastKnownFileType = sourcecode.cpp.cpp; name = "BigUnsigned-conversions.cpp"; path = "../../sources/BigUnsigned-conversions.cpp"; sourceTree = "<group>"; };
		CF598B042B3202620005B4C2 /* M_machine.h */ = {isa = PBXFileReference; fileEncoding = 4; lastKnownFileType = sourcecode.c.h; name = M_machine.h; path = ../../sources/M_machine.h; sourceTree = "<group>"; };
		CF598B052B3202620005B4C2 /* BigSigned-multiply.cpp */ = {isa = PBXFileReference; fileEncoding = 4; lastKnownFileType = sourcecode.cpp.cpp; name = "BigSigned-multiply.cpp"; path = "../../sources/BigSigned-multiply.cpp"; sourceTree = "<group>"; };
		CF598B062B3202620005B4C2 /* BigSigned-conversions.cpp */ = {isa = PBXFileReference; fileEncoding = 4; lastKnownFileType = sourcecode.cpp.cpp; name = "BigSigned-conversions.cpp"; path = "../../sources/BigSigned-conversions.cpp"; sourceTree = "<group>"; };
		CF598B072B3202620005B4C2 /* ChunkSelectSize.h */ = {isa = PBXFileReference; fileEncoding = 4; lastKnownFileType = sourcecode.c.h; name = ChunkSelectSize.h; path = ../../sources/ChunkSelectSize.h; sourceTree = "<group>"; };
		CF598B082B3202620005B4C2 /* BigSigned-logic-operations.cpp */ = {isa = PBXFileReference; fileEncoding = 4; lastKnownFileType = sourcecode.cpp.cpp; name = "BigSigned-logic-operations.cpp"; path = "../../sources/BigSigned-logic-operations.cpp"; sourceTree = "<group>"; };
		CF598B092B3202620005B4C2 /* BigSigned-utilities.cpp */ = {isa = PBXFileReference; fileEncoding = 4; lastKnownFileType = sourcecode.cpp.cpp; name = "BigSigned-utilities.cpp"; path = "../../sources/BigSigned-utilities.cpp"; sourceTree = "<group>"; };
		CF598B0A2B3202620005B4C2 /* BigUnsigned-logic-operations.cpp */ = {isa = PBXFileReference; fileEncoding = 4; lastKnownFileType = sourcecode.cpp.cpp; name = "BigUnsigned-logic-operations.cpp"; path = "../../sources/BigUnsigned-logic-operations.cpp"; sourceTree = "<group>"; };
		CF598B0B2B3202620005B4C2 /* BigUnsigned-add.cpp */ = {isa = PBXFileReference; fileEncoding = 4; lastKnownFileType = sourcecode.cpp.cpp; name = "BigUnsigned-add.cpp"; path = "../../sources/BigUnsigned-add.cpp"; sourceTree = "<group>"; };
		CF598B0C2B3202620005B4C2 /* chunk-U32.h */ = {isa = PBXFileReference; fileEncoding = 4; lastKnownFileType = sourcecode.c.h; name = "chunk-U32.h"; path = "../../sources/chunk-U32.h"; sourceTree = "<group>"; };
		CF598B0D2B3202620005B4C2 /* BigUnsigned.h */ = {isa = PBXFileReference; fileEncoding = 4; lastKnownFileType = sourcecode.c.h; name = BigUnsigned.h; path = ../../sources/BigUnsigned.h; sourceTree = "<group>"; };
		CF598B0E2B3202620005B4C2 /* M_SourceLocation.h */ = {isa = PBXFileReference; fileEncoding = 4; lastKnownFileType = sourcecode.c.h; name = M_SourceLocation.h; path = ../../sources/M_SourceLocation.h; sourceTree = "<group>"; };
		CF598B0F2B3202620005B4C2 /* BigUnsigned-divide-naive.cpp */ = {isa = PBXFileReference; fileEncoding = 4; lastKnownFileType = sourcecode.cpp.cpp; name = "BigUnsigned-divide-naive.cpp"; path = "../../sources/BigUnsigned-divide-naive.cpp"; sourceTree = "<group>"; };
		CF598B102B3202620005B4C2 /* BigUnsigned-bit.cpp */ = {isa = PBXFileReference; fileEncoding = 4; lastKnownFileType = sourcecode.cpp.cpp; name = "BigUnsigned-bit.cpp"; path = "../../sources/BigUnsigned-bit.cpp"; sourceTree = "<group>"; };
		CF598B112B3202620005B4C2 /* BigUnsigned-print.cpp */ = {isa = PBXFileReference; fileEncoding = 4; lastKnownFileType = sourcecode.cpp.cpp; name = "BigUnsigned-print.cpp"; path = "../../sources/BigUnsigned-print.cpp"; sourceTree = "<group>"; };
		CF598B122B3202620005B4C2 /* BigSigned-divide.cpp */ = {isa = PBXFileReference; fileEncoding = 4; lastKnownFileType = sourcecode.cpp.cpp; name = "BigSigned-divide.cpp"; path = "../../sources/BigSigned-divide.cpp"; sourceTree = "<group>"; };
		CF598B132B3202620005B4C2 /* BigUnsigned-chunk-operations.cpp */ = {isa = PBXFileReference; fileEncoding = 4; lastKnownFileType = sourcecode.cpp.cpp; name = "BigUnsigned-chunk-operations.cpp"; path = "../../sources/BigUnsigned-chunk-operations.cpp"; sourceTree = "<group>"; };
/* End PBXFileReference section */

/* Begin PBXFrameworksBuildPhase section */
		CF598ADC2B3202270005B4C2 /* Frameworks */ = {
			isa = PBXFrameworksBuildPhase;
			buildActionMask = 2147483647;
			files = (
			);
			runOnlyForDeploymentPostprocessing = 0;
		};
/* End PBXFrameworksBuildPhase section */

/* Begin PBXGroup section */
		CF598AD62B3202270005B4C2 = {
			isa = PBXGroup;
			children = (
				CF598AE12B3202270005B4C2 /* xcode-quick-check */,
				CF598AE02B3202270005B4C2 /* Products */,
			);
			sourceTree = "<group>";
		};
		CF598AE02B3202270005B4C2 /* Products */ = {
			isa = PBXGroup;
			children = (
				CF598ADF2B3202270005B4C2 /* xcode-quick-check */,
			);
			name = Products;
			sourceTree = "<group>";
		};
		CF598AE12B3202270005B4C2 /* xcode-quick-check */ = {
			isa = PBXGroup;
			children = (
				CF598AFC2B3202620005B4C2 /* BigSigned-add.cpp */,
				CF598AEB2B3202620005B4C2 /* BigSigned-bit.cpp */,
				CF598AF32B3202620005B4C2 /* BigSigned-chunk-operations.cpp */,
				CF598AFD2B3202620005B4C2 /* BigSigned-constructors.cpp */,
				CF598B062B3202620005B4C2 /* BigSigned-conversions.cpp */,
				CF598B122B3202620005B4C2 /* BigSigned-divide.cpp */,
				CF598B082B3202620005B4C2 /* BigSigned-logic-operations.cpp */,
				CF598B052B3202620005B4C2 /* BigSigned-multiply.cpp */,
				CF598AF82B3202620005B4C2 /* BigSigned-print.cpp */,
				CF598AED2B3202620005B4C2 /* BigSigned-shifts.cpp */,
				CF598AEE2B3202620005B4C2 /* BigSigned-subtract.cpp */,
				CF598B092B3202620005B4C2 /* BigSigned-utilities.cpp */,
				CF598AFB2B3202620005B4C2 /* BigSigned.cpp */,
				CF598AFA2B3202620005B4C2 /* BigSigned.h */,
				CF598B0B2B3202620005B4C2 /* BigUnsigned-add.cpp */,
				CF598B102B3202620005B4C2 /* BigUnsigned-bit.cpp */,
				CF598B132B3202620005B4C2 /* BigUnsigned-chunk-operations.cpp */,
				CF598AF02B3202620005B4C2 /* BigUnsigned-constructors.cpp */,
				CF598B032B3202620005B4C2 /* BigUnsigned-conversions.cpp */,
				CF598B0F2B3202620005B4C2 /* BigUnsigned-divide-naive.cpp */,
				CF598AFF2B3202620005B4C2 /* BigUnsigned-divide.cpp */,
				CF598B0A2B3202620005B4C2 /* BigUnsigned-logic-operations.cpp */,
				CF598AF72B3202620005B4C2 /* BigUnsigned-multiply.cpp */,
				CF598B112B3202620005B4C2 /* BigUnsigned-print.cpp */,
				CF598AF62B3202620005B4C2 /* BigUnsigned-shifts.cpp */,
				CF598AF42B3202620005B4C2 /* BigUnsigned-subtract.cpp */,
				CF598AF12B3202620005B4C2 /* BigUnsigned-utilities.cpp */,
				CF598B0D2B3202620005B4C2 /* BigUnsigned.h */,
				CF598B002B3202620005B4C2 /* chunk-U8.h */,
				CF598B022B3202620005B4C2 /* chunk-U16.h */,
				CF598B0C2B3202620005B4C2 /* chunk-U32.h */,
				CF598AEC2B3202620005B4C2 /* chunk-U64.h */,
				CF598B072B3202620005B4C2 /* ChunkSelectSize.h */,
				CF598AEF2B3202620005B4C2 /* ChunkSharedArray.cpp */,
				CF598AFE2B3202620005B4C2 /* ChunkSharedArray.h */,
				CF598B012B3202620005B4C2 /* galgas-random.cpp */,
				CF598AF22B3202620005B4C2 /* galgas-random.h */,
				CF598B042B3202620005B4C2 /* M_machine.h */,
				CF598B0E2B3202620005B4C2 /* M_SourceLocation.h */,
				CF598AF52B3202620005B4C2 /* macroAssert.cpp */,
				CF598AF92B3202620005B4C2 /* macroAssert.h */,
				CF598AE92B32024D0005B4C2 /* main-quick-check.cpp */,
			);
			path = "xcode-quick-check";
			sourceTree = "<group>";
		};
/* End PBXGroup section */

/* Begin PBXNativeTarget section */
		CF598ADE2B3202270005B4C2 /* xcode-quick-check */ = {
			isa = PBXNativeTarget;
			buildConfigurationList = CF598AE62B3202270005B4C2 /* Build configuration list for PBXNativeTarget "xcode-quick-check" */;
			buildPhases = (
				CF598ADB2B3202270005B4C2 /* Sources */,
				CF598ADC2B3202270005B4C2 /* Frameworks */,
				CF598ADD2B3202270005B4C2 /* CopyFiles */,
			);
			buildRules = (
			);
			dependencies = (
			);
			name = "xcode-quick-check";
			productName = "xcode-quick-check";
			productReference = CF598ADF2B3202270005B4C2 /* xcode-quick-check */;
			productType = "com.apple.product-type.tool";
		};
/* End PBXNativeTarget section */

/* Begin PBXProject section */
		CF598AD72B3202270005B4C2 /* Project object */ = {
			isa = PBXProject;
			attributes = {
				BuildIndependentTargetsInParallel = 1;
				LastUpgradeCheck = 1530;
				TargetAttributes = {
					CF598ADE2B3202270005B4C2 = {
						CreatedOnToolsVersion = 15.1;
					};
				};
			};
			buildConfigurationList = CF598ADA2B3202270005B4C2 /* Build configuration list for PBXProject "xcode-quick-check" */;
			compatibilityVersion = "Xcode 14.0";
			developmentRegion = en;
			hasScannedForEncodings = 0;
			knownRegions = (
				en,
				Base,
			);
			mainGroup = CF598AD62B3202270005B4C2;
			productRefGroup = CF598AE02B3202270005B4C2 /* Products */;
			projectDirPath = "";
			projectRoot = "";
			targets = (
				CF598ADE2B3202270005B4C2 /* xcode-quick-check */,
			);
		};
/* End PBXProject section */

/* Begin PBXSourcesBuildPhase section */
		CF598ADB2B3202270005B4C2 /* Sources */ = {
			isa = PBXSourcesBuildPhase;
			buildActionMask = 2147483647;
			files = (
				CF598B2A2B3202620005B4C2 /* BigUnsigned-logic-operations.cpp in Sources */,
				CF598B262B3202620005B4C2 /* BigSigned-multiply.cpp in Sources */,
				CF598B202B3202620005B4C2 /* BigSigned.cpp in Sources */,
				CF598B292B3202620005B4C2 /* BigSigned-utilities.cpp in Sources */,
				CF598B212B3202620005B4C2 /* BigSigned-add.cpp in Sources */,
				CF598B1C2B3202620005B4C2 /* macroAssert.cpp in Sources */,
				CF598B182B3202620005B4C2 /* BigUnsigned-constructors.cpp in Sources */,
				CF598B2F2B3202620005B4C2 /* BigSigned-divide.cpp in Sources */,
				CF598B272B3202620005B4C2 /* BigSigned-conversions.cpp in Sources */,
				CF598B2C2B3202620005B4C2 /* BigUnsigned-divide-naive.cpp in Sources */,
				CF598B1F2B3202620005B4C2 /* BigSigned-print.cpp in Sources */,
				CF598B282B3202620005B4C2 /* BigSigned-logic-operations.cpp in Sources */,
				CF598B162B3202620005B4C2 /* BigSigned-subtract.cpp in Sources */,
				CF598B1A2B3202620005B4C2 /* BigSigned-chunk-operations.cpp in Sources */,
				CF598B232B3202620005B4C2 /* BigUnsigned-divide.cpp in Sources */,
				CF598B2D2B3202620005B4C2 /* BigUnsigned-bit.cpp in Sources */,
				CF598B1D2B3202620005B4C2 /* BigUnsigned-shifts.cpp in Sources */,
				CF598B192B3202620005B4C2 /* BigUnsigned-utilities.cpp in Sources */,
				CF598B152B3202620005B4C2 /* BigSigned-shifts.cpp in Sources */,
				CF598B1B2B3202620005B4C2 /* BigUnsigned-subtract.cpp in Sources */,
				CF598B2E2B3202620005B4C2 /* BigUnsigned-print.cpp in Sources */,
				CF598B172B3202620005B4C2 /* ChunkSharedArray.cpp in Sources */,
				CF598B1E2B3202620005B4C2 /* BigUnsigned-multiply.cpp in Sources */,
				CF598B222B3202620005B4C2 /* BigSigned-constructors.cpp in Sources */,
				CF598B142B3202620005B4C2 /* BigSigned-bit.cpp in Sources */,
				CF598AEA2B32024D0005B4C2 /* main-quick-check.cpp in Sources */,
				CF598B302B3202620005B4C2 /* BigUnsigned-chunk-operations.cpp in Sources */,
				CF598B2B2B3202620005B4C2 /* BigUnsigned-add.cpp in Sources */,
				CF598B242B3202620005B4C2 /* galgas-random.cpp in Sources */,
				CF598B252B3202620005B4C2 /* BigUnsigned-conversions.cpp in Sources */,
			);
			runOnlyForDeploymentPostprocessing = 0;
		};
/* End PBXSourcesBuildPhase section */

/* Begin XCBuildConfiguration section */
		CF598AE42B3202270005B4C2 /* Debug */ = {
			isa = XCBuildConfiguration;
			buildSettings = {
				ALWAYS_SEARCH_USER_PATHS = NO;
				ASSETCATALOG_COMPILER_GENERATE_SWIFT_ASSET_SYMBOL_EXTENSIONS = YES;
				CLANG_ANALYZER_NONNULL = YES;
				CLANG_ANALYZER_NUMBER_OBJECT_CONVERSION = YES_AGGRESSIVE;
				CLANG_CXX_LANGUAGE_STANDARD = "gnu++20";
				CLANG_ENABLE_MODULES = YES;
				CLANG_ENABLE_OBJC_ARC = YES;
				CLANG_ENABLE_OBJC_WEAK = YES;
				CLANG_UNDEFINED_BEHAVIOR_SANITIZER_INTEGER = YES;
				CLANG_UNDEFINED_BEHAVIOR_SANITIZER_NULLABILITY = YES;
				CLANG_WARN_BLOCK_CAPTURE_AUTORELEASING = YES;
				CLANG_WARN_BOOL_CONVERSION = YES;
				CLANG_WARN_COMMA = YES;
				CLANG_WARN_CONSTANT_CONVERSION = YES;
				CLANG_WARN_DEPRECATED_OBJC_IMPLEMENTATIONS = YES;
				CLANG_WARN_DIRECT_OBJC_ISA_USAGE = YES_ERROR;
				CLANG_WARN_DOCUMENTATION_COMMENTS = YES;
				CLANG_WARN_EMPTY_BODY = YES;
				CLANG_WARN_ENUM_CONVERSION = YES;
				CLANG_WARN_INFINITE_RECURSION = YES;
				CLANG_WARN_INT_CONVERSION = YES;
				CLANG_WARN_NON_LITERAL_NULL_CONVERSION = YES;
				CLANG_WARN_OBJC_IMPLICIT_RETAIN_SELF = YES;
				CLANG_WARN_OBJC_LITERAL_CONVERSION = YES;
				CLANG_WARN_OBJC_ROOT_CLASS = YES_ERROR;
				CLANG_WARN_QUOTED_INCLUDE_IN_FRAMEWORK_HEADER = YES;
				CLANG_WARN_RANGE_LOOP_ANALYSIS = YES;
				CLANG_WARN_STRICT_PROTOTYPES = YES;
				CLANG_WARN_SUSPICIOUS_MOVE = YES;
				CLANG_WARN_UNGUARDED_AVAILABILITY = YES_AGGRESSIVE;
				CLANG_WARN_UNREACHABLE_CODE = YES;
				CLANG_WARN__DUPLICATE_METHOD_MATCH = YES;
				COPY_PHASE_STRIP = NO;
				DEAD_CODE_STRIPPING = YES;
				DEBUG_INFORMATION_FORMAT = dwarf;
				ENABLE_STRICT_OBJC_MSGSEND = YES;
				ENABLE_TESTABILITY = YES;
				ENABLE_USER_SCRIPT_SANDBOXING = YES;
				GCC_C_LANGUAGE_STANDARD = gnu17;
				GCC_DYNAMIC_NO_PIC = NO;
				GCC_NO_COMMON_BLOCKS = YES;
				GCC_OPTIMIZATION_LEVEL = 0;
				GCC_PREPROCESSOR_DEFINITIONS = (
					"DEBUG=1",
					"$(inherited)",
					USE_64_BITS_CHUNKS,
				);
				GCC_WARN_64_TO_32_BIT_CONVERSION = YES;
				GCC_WARN_ABOUT_RETURN_TYPE = YES_ERROR;
				GCC_WARN_UNDECLARED_SELECTOR = YES;
				GCC_WARN_UNINITIALIZED_AUTOS = YES_AGGRESSIVE;
				GCC_WARN_UNUSED_FUNCTION = YES;
				GCC_WARN_UNUSED_VARIABLE = YES;
				LOCALIZATION_PREFERS_STRING_CATALOGS = YES;
				MACOSX_DEPLOYMENT_TARGET = 14.2;
				MTL_ENABLE_DEBUG_INFO = INCLUDE_SOURCE;
				MTL_FAST_MATH = YES;
				ONLY_ACTIVE_ARCH = YES;
				SDKROOT = macosx;
			};
			name = Debug;
		};
		CF598AE52B3202270005B4C2 /* Release */ = {
			isa = XCBuildConfiguration;
			buildSettings = {
				ALWAYS_SEARCH_USER_PATHS = NO;
				ASSETCATALOG_COMPILER_GENERATE_SWIFT_ASSET_SYMBOL_EXTENSIONS = YES;
				CLANG_ANALYZER_NONNULL = YES;
				CLANG_ANALYZER_NUMBER_OBJECT_CONVERSION = YES_AGGRESSIVE;
				CLANG_CXX_LANGUAGE_STANDARD = "gnu++20";
				CLANG_ENABLE_MODULES = YES;
				CLANG_ENABLE_OBJC_ARC = YES;
				CLANG_ENABLE_OBJC_WEAK = YES;
				CLANG_UNDEFINED_BEHAVIOR_SANITIZER_INTEGER = YES;
				CLANG_UNDEFINED_BEHAVIOR_SANITIZER_NULLABILITY = YES;
				CLANG_WARN_BLOCK_CAPTURE_AUTORELEASING = YES;
				CLANG_WARN_BOOL_CONVERSION = YES;
				CLANG_WARN_COMMA = YES;
				CLANG_WARN_CONSTANT_CONVERSION = YES;
				CLANG_WARN_DEPRECATED_OBJC_IMPLEMENTATIONS = YES;
				CLANG_WARN_DIRECT_OBJC_ISA_USAGE = YES_ERROR;
				CLANG_WARN_DOCUMENTATION_COMMENTS = YES;
				CLANG_WARN_EMPTY_BODY = YES;
				CLANG_WARN_ENUM_CONVERSION = YES;
				CLANG_WARN_INFINITE_RECURSION = YES;
				CLANG_WARN_INT_CONVERSION = YES;
				CLANG_WARN_NON_LITERAL_NULL_CONVERSION = YES;
				CLANG_WARN_OBJC_IMPLICIT_RETAIN_SELF = YES;
				CLANG_WARN_OBJC_LITERAL_CONVERSION = YES;
				CLANG_WARN_OBJC_ROOT_CLASS = YES_ERROR;
				CLANG_WARN_QUOTED_INCLUDE_IN_FRAMEWORK_HEADER = YES;
				CLANG_WARN_RANGE_LOOP_ANALYSIS = YES;
				CLANG_WARN_STRICT_PROTOTYPES = YES;
				CLANG_WARN_SUSPICIOUS_MOVE = YES;
				CLANG_WARN_UNGUARDED_AVAILABILITY = YES_AGGRESSIVE;
				CLANG_WARN_UNREACHABLE_CODE = YES;
				CLANG_WARN__DUPLICATE_METHOD_MATCH = YES;
				COPY_PHASE_STRIP = NO;
				DEAD_CODE_STRIPPING = YES;
				DEBUG_INFORMATION_FORMAT = "dwarf-with-dsym";
				ENABLE_NS_ASSERTIONS = NO;
				ENABLE_STRICT_OBJC_MSGSEND = YES;
				ENABLE_USER_SCRIPT_SANDBOXING = YES;
				GCC_C_LANGUAGE_STANDARD = gnu17;
				GCC_NO_COMMON_BLOCKS = YES;
				GCC_PREPROCESSOR_DEFINITIONS = USE_8_BITS_CHUNKS;
				GCC_WARN_64_TO_32_BIT_CONVERSION = YES;
				GCC_WARN_ABOUT_RETURN_TYPE = YES_ERROR;
				GCC_WARN_UNDECLARED_SELECTOR = YES;
				GCC_WARN_UNINITIALIZED_AUTOS = YES_AGGRESSIVE;
				GCC_WARN_UNUSED_FUNCTION = YES;
				GCC_WARN_UNUSED_VARIABLE = YES;
				LOCALIZATION_PREFERS_STRING_CATALOGS = YES;
				MACOSX_DEPLOYMENT_TARGET = 14.2;
				MTL_ENABLE_DEBUG_INFO = NO;
				MTL_FAST_MATH = YES;
				SDKROOT = macosx;
			};
			name = Release;
		};
		CF598AE72B3202270005B4C2 /* Debug */ = {
			isa = XCBuildConfiguration;
			buildSettings = {
				CLANG_CXX_LANGUAGE_STANDARD = "c++14";
				CODE_SIGN_STYLE = Automatic;
				DEAD_CODE_STRIPPING = YES;
				DEVELOPMENT_TEAM = YW8QY74J2A;
				ENABLE_HARDENED_RUNTIME = YES;
				GCC_C_LANGUAGE_STANDARD = "compiler-default";
				PRODUCT_NAME = "$(TARGET_NAME)";
			};
			name = Debug;
		};
		CF598AE82B3202270005B4C2 /* Release */ = {
			isa = XCBuildConfiguration;
			buildSettings = {
				CLANG_CXX_LANGUAGE_STANDARD = "c++14";
				CODE_SIGN_STYLE = Automatic;
				DEAD_CODE_STRIPPING = YES;
				DEVELOPMENT_TEAM = YW8QY74J2A;
				ENABLE_HARDENED_RUNTIME = YES;
				GCC_C_LANGUAGE_STANDARD = "compiler-default";
				PRODUCT_NAME = "$(TARGET_NAME)";
			};
			name = Release;
		};
/* End XCBuildConfiguration section */

/* Begin XCConfigurationList section */
		CF598ADA2B3202270005B4C2 /* Build configuration list for PBXProject "xcode-quick-check" */ = {
			isa = XCConfigurationList;
			buildConfigurations = (
				CF598AE42B3202270005B4C2 /* Debug */,
				CF598AE52B3202270005B4C2 /* Release */,
			);
			defaultConfigurationIsVisible = 0;
			defaultConfigurationName = Release;
		};
		CF598AE62B3202270005B4C2 /* Build configuration list for PBXNativeTarget "xcode-quick-check" */ = {
			isa = XCConfigurationList;
			buildConfigurations = (
				CF598AE72B3202270005B4C2 /* Debug */,
				CF598AE82B3202270005B4C2 /* Release */,
			);
			defaultConfigurationIsVisible = 0;
			defaultConfigurationName = Release;
		};
/* End XCConfigurationList section */
	};
	rootObject = CF598AD72B3202270005B4C2 /* Project object */;
}
